
Microsoft Visual Studio Solution File, Format Version 12.00
# Visual Studio Version 17
VisualStudioVersion = 17.14.36616.10 d17.14
MinimumVisualStudioVersion = 10.0.40219.1
Project("{FAE04EC0-301F-11D3-BF4B-00C04F79EFBC}") = "Navisworks.IronPythonReader", "Navisworks.IronPythonReader\Navisworks.IronPythonReader.csproj", "{3DE19409-C9B7-4B41-B92C-1DAD6348043A}"
EndProject
Global
	GlobalSection(SolutionConfigurationPlatforms) = preSolution
		Debug|Any CPU = Debug|Any CPU
		Release|Any CPU = Release|Any CPU
	EndGlobalSection
	GlobalSection(ProjectConfigurationPlatforms) = postSolution
		{3DE19409-C9B7-4B41-B92C-1DAD6348043A}.Debug|Any CPU.ActiveCfg = Debug|Any CPU
		{3DE19409-C9B7-4B41-B92C-1DAD6348043A}.Debug|Any CPU.Build.0 = Debug|Any CPU
		{3DE19409-C9B7-4B41-B92C-1DAD6348043A}.Release|Any CPU.ActiveCfg = Release|Any CPU
		{3DE19409-C9B7-4B41-B92C-1DAD6348043A}.Release|Any CPU.Build.0 = Release|Any CPU
	EndGlobalSection
	GlobalSection(SolutionProperties) = preSolution
		HideSolutionNode = FALSE
	EndGlobalSection
	GlobalSection(ExtensibilityGlobals) = postSolution
		SolutionGuid = {1978AE85-B7B2-45F5-81CF-F8FE7B832980}
	EndGlobalSection
EndGlobal
